{
    "_readme": [
        "This file locks the dependencies of your project to a known state",
        "Read more about it at https://getcomposer.org/doc/01-basic-usage.md#installing-dependencies",
        "This file is @generated automatically"
    ],
    "content-hash": "39ed940f1d9b46eb06dd748816eb90c8",
    "packages": [
        {
            "name": "xqueue/maileon-api-client",
            "version": "1.8.0",
            "source": {
                "type": "git",
                "url": "https://github.com/xqueue/maileon-php-api-client.git",
                "reference": "31f32fe5f8e962c94a1e47753fe08c82f5ccdd66"
            },
            "dist": {
                "type": "zip",
                "url": "https://api.github.com/repos/xqueue/maileon-php-api-client/zipball/31f32fe5f8e962c94a1e47753fe08c82f5ccdd66",
                "reference": "31f32fe5f8e962c94a1e47753fe08c82f5ccdd66",
                "shasum": ""
            },
            "require": {
                "ext-curl": "*",
                "ext-libxml": "*",
                "ext-mbstring": "*",
                "php": "^7.0.0"
            },
            "require-dev": {
                "phpunit/phpunit": "^4"
            },
            "type": "library",
            "autoload": {
                "psr-4": {
                    "de\\xqueue\\maileon\\api\\client\\": "src/"
                }
            },
            "notification-url": "https://packagist.org/downloads/",
            "license": [
                "MIT"
            ],
            "authors": [
                {
                    "name": "XQueue GmbH, Marcus Beckerle",
                    "email": "marcus.beckerle@xqueue.com"
                },
                {
                    "name": "XQueue GmbH, Andreas Lange",
                    "email": "andreas.lange@xqueue.com"
                },
                {
                    "name": "Wanadis Devs",
                    "email": "dev@maileon.hu"
                }
            ],
            "description": "API-Client to XQ:Maileon",
            "homepage": "https://www.maileon.de",
            "keywords": [
                "XQueue",
                "maileon"
            ],
            "support": {
                "issues": "https://github.com/xqueue/maileon-php-api-client/issues",
                "source": "https://github.com/xqueue/maileon-php-api-client/tree/1.8.0"
            },
            "time": "2021-04-30T14:04:33+00:00"
        }
    ],
    "packages-dev": [],
    "aliases": [],
    "minimum-stability": "stable",
    "stability-flags": [],
    "prefer-stable": false,
    "prefer-lowest": false,
    "platform": {
        "php": ">=5.6.0"
    },
    "platform-dev": [],
    "plugin-api-version": "2.0.0"
}
